github.com/puja05netapp/new_pub v0.0.0-20250323125727-d0861c6e11ce h1:/V2TS8+tWUxk6eKz3kzJRnZocp9iNcSqPokdQXQckGA=
github.com/puja05netapp/new_pub v0.0.0-20250323125727-d0861c6e11ce/go.mod h1:1i5CwQQAjFcd29phkTC2mV0S3Pu3ssvBSwwLxJ0GnkE=
github.com/puja05netapp/new_pub v0.0.0-20250323164239-d21e96cb16a2 h1:riRIOxom4wXIPSxPwdhAJju4ldi0O0zNPQOepXSigUA=
github.com/puja05netapp/new_pub v0.0.0-20250323164239-d21e96cb16a2/go.mod h1:1i5CwQQAjFcd29phkTC2mV0S3Pu3ssvBSwwLxJ0GnkE=
